
Microsoft Visual Studio Solution File, Format Version 12.00
# Visual Studio Version 16
VisualStudioVersion = 16.0.30517.126
MinimumVisualStudioVersion = 10.0.40219.1
Project("{2150E333-8FDC-42A3-9474-1A3956D46DE8}") = "Solid", "Solid", "{636D6CB8-724D-4C7B-BFF6-ACCD30A0A761}"
EndProject
Project("{9A19103F-16F7-4668-BE54-9A1E7A4F7556}") = "001_Single_Responsibility_Principle", "001_Single_Responsibility_Principle\001_Single_Responsibility_Principle.csproj", "{87979F1D-853B-472E-AB6A-4063C244B6DB}"
EndProject
Project("{9A19103F-16F7-4668-BE54-9A1E7A4F7556}") = "002_Open_Cosed_PRinciple_OCP", "002_Open_Cosed_PRinciple_OCP\002_Open_Cosed_PRinciple_OCP.csproj", "{35F3046C-79BC-47C5-85F1-1426DE586577}"
EndProject
Project("{9A19103F-16F7-4668-BE54-9A1E7A4F7556}") = "003_Liskov_subsitution_principle_LSP", "003_Liskov_subsitution_principle_LSP\003_Liskov_subsitution_principle_LSP.csproj", "{77FD9B40-DF9D-443C-A6E7-35B67801A6E1}"
EndProject
Project("{9A19103F-16F7-4668-BE54-9A1E7A4F7556}") = "004_Interface_Segregation_principle_ISP", "004_Interface_Segregation_principle_ISP\004_Interface_Segregation_principle_ISP.csproj", "{65B46FE9-29E2-4F34-B778-DC827079FF89}"
EndProject
Project("{9A19103F-16F7-4668-BE54-9A1E7A4F7556}") = "005_DependencyInjections", "005_DependencyInjections\005_DependencyInjections.csproj", "{1B472422-E74F-4680-A474-DEE9CA528734}"
EndProject
Project("{2150E333-8FDC-42A3-9474-1A3956D46DE8}") = "Dependency Injections Weiteres Beispiel", "Dependency Injections Weiteres Beispiel", "{DFCA136F-7CBE-4445-B274-AEC44DE2B57E}"
EndProject
Project("{9A19103F-16F7-4668-BE54-9A1E7A4F7556}") = "005_DependencyInjections_ServiceLib", "005_DependencyInjections_Lib\005_DependencyInjections_ServiceLib.csproj", "{E50FBC19-F4AE-4C74-8507-55458575EA37}"
EndProject
Project("{9A19103F-16F7-4668-BE54-9A1E7A4F7556}") = "005_DependencyInjections_Console", "005_DependencyInjections_Console\005_DependencyInjections_Console.csproj", "{41A4388E-DEDC-433A-83BA-97A415823BA5}"
EndProject
Project("{9A19103F-16F7-4668-BE54-9A1E7A4F7556}") = "005_DependencyInjections_EntityLib", "005_DependencyInjections_EntityLib\005_DependencyInjections_EntityLib.csproj", "{45889F82-133E-4043-A473-2E84C64C73DA}"
EndProject
Project("{9A19103F-16F7-4668-BE54-9A1E7A4F7556}") = "006_DependencyInjections_Console", "006_DependencyInjections_Console\006_DependencyInjections_Console.csproj", "{AECF1440-F241-46D5-98F5-9EF7EC222CFF}"
EndProject
Project("{9A19103F-16F7-4668-BE54-9A1E7A4F7556}") = "006_DependencyInjections_EntityLib", "006_DependencyInjections_EntityLib\006_DependencyInjections_EntityLib.csproj", "{EFA449EF-7058-4FA0-B397-50AD96053599}"
EndProject
Project("{9A19103F-16F7-4668-BE54-9A1E7A4F7556}") = "006_DependencyInjections_ServiceLib", "006_DependencyInjections_ServiceLib\006_DependencyInjections_ServiceLib.csproj", "{47FF5598-B0A3-4B0F-A73E-518DAF509C7C}"
EndProject
Project("{9A19103F-16F7-4668-BE54-9A1E7A4F7556}") = "006_DependencyInjections_SharedLib", "006_DependencyInjections_SharedLib\006_DependencyInjections_SharedLib.csproj", "{9FDBA4FC-AC7A-4A1E-B092-04127C7C17B5}"
EndProject
Project("{2150E333-8FDC-42A3-9474-1A3956D46DE8}") = "DependencyInjections In ASP.NET Core", "DependencyInjections In ASP.NET Core", "{710FA772-6130-458E-BADC-8A376291A0A2}"
EndProject
Project("{9A19103F-16F7-4668-BE54-9A1E7A4F7556}") = "ShowSample_DependencyInjections_And_LookAround", "ShowSample_DependencyInjections_And_LookAround\ShowSample_DependencyInjections_And_LookAround.csproj", "{CD22ED0D-DFC7-4FDF-97BC-6BB00567911D}"
EndProject
Project("{9A19103F-16F7-4668-BE54-9A1E7A4F7556}") = "ShowSample_DI_in_MVC", "ShowSample_DI_in_MVC\ShowSample_DI_in_MVC.csproj", "{F68FD53E-B628-47C9-A8ED-A2D86941C954}"
EndProject
Project("{2150E333-8FDC-42A3-9474-1A3956D46DE8}") = "DesignPattern", "DesignPattern", "{6968B180-0CB9-4FCC-AA04-48220960E39C}"
	ProjectSection(SolutionItems) = preProject
		GitHub_Link.txt = GitHub_Link.txt
	EndProjectSection
EndProject
Project("{2150E333-8FDC-42A3-9474-1A3956D46DE8}") = "ASPNetCore_DataAccessLayer", "ASPNetCore_DataAccessLayer", "{76EE6A15-1808-400C-83CF-722310417508}"
EndProject
Project("{2150E333-8FDC-42A3-9474-1A3956D46DE8}") = "ASPNetCore_ServiceLayer", "ASPNetCore_ServiceLayer", "{07F3C162-504A-445D-BE94-A4BB486BD28A}"
EndProject
Project("{2150E333-8FDC-42A3-9474-1A3956D46DE8}") = "ASPNetCore_DomainLayer", "ASPNetCore_DomainLayer", "{B219C510-586B-4227-A751-4D353CB56452}"
EndProject
Project("{2150E333-8FDC-42A3-9474-1A3956D46DE8}") = "DataAccessLayerSamples", "DataAccessLayerSamples", "{E657CD66-10B4-45A2-A281-AF9503274B7E}"
EndProject
Project("{2150E333-8FDC-42A3-9474-1A3956D46DE8}") = "ConceptsOfEF", "ConceptsOfEF", "{D5A28248-1FC0-406A-A065-809747728CFC}"
EndProject
Project("{FAE04EC0-301F-11D3-BF4B-00C04F79EFBC}") = "DatabaseFirstSampleWitEF", "DatabaseFirstSampleWitEF\DatabaseFirstSampleWitEF.csproj", "{F5EB558F-FAF6-4797-AEF4-D5E4593259C2}"
EndProject
Project("{2150E333-8FDC-42A3-9474-1A3956D46DE8}") = "_WebLinks", "_WebLinks", "{E09C538A-3634-47D9-9CB3-98485A097FFD}"
	ProjectSection(SolutionItems) = preProject
		References.txt = References.txt
	EndProjectSection
EndProject
Project("{9A19103F-16F7-4668-BE54-9A1E7A4F7556}") = "CodeFirstSampleWithEFCore", "CodeFirstSampleWithEFCore\CodeFirstSampleWithEFCore.csproj", "{E93F8020-8752-4BB3-869A-6C06685775A3}"
EndProject
Project("{9A19103F-16F7-4668-BE54-9A1E7A4F7556}") = "EFCodeFirstReverseExample", "EFCodeFirstReverseExample\EFCodeFirstReverseExample.csproj", "{72D8FB4F-6F0E-4E03-BD63-D29BA40870A7}"
EndProject
Project("{2150E333-8FDC-42A3-9474-1A3956D46DE8}") = "RepositoryPattern", "RepositoryPattern", "{80D3A0A8-B85A-4423-A5B6-CB2F9211BC7F}"
EndProject
Project("{9A19103F-16F7-4668-BE54-9A1E7A4F7556}") = "GenericRepository", "GenericRepository\GenericRepository.csproj", "{5D3CB73C-B140-46C0-8D74-F2963A26B424}"
EndProject
Project("{9A19103F-16F7-4668-BE54-9A1E7A4F7556}") = "RepositoryImpl", "RepositoryImpl\RepositoryImpl.csproj", "{CBC2A51F-00C7-4AE2-BB59-9AD9F7F19635}"
EndProject
Project("{9A19103F-16F7-4668-BE54-9A1E7A4F7556}") = "AppUsedRepositoryImpl", "AppUsedRepositoryImpl\AppUsedRepositoryImpl.csproj", "{21132D47-136C-4F51-945D-F709672B6F06}"
EndProject
Project("{2150E333-8FDC-42A3-9474-1A3956D46DE8}") = "WebAPI", "WebAPI", "{A569E26B-E8AC-4AC4-8C0F-B644E595BD23}"
EndProject
Project("{FAE04EC0-301F-11D3-BF4B-00C04F79EFBC}") = "WebAPISample", "WebAPISample\WebAPISample.csproj", "{6538D351-B799-411F-AE67-2BD2D7B1E1A8}"
EndProject
Project("{2150E333-8FDC-42A3-9474-1A3956D46DE8}") = "RazorPage", "RazorPage", "{9FF1E702-DB32-438E-82B6-520C1313C5CB}"
EndProject
Project("{FAE04EC0-301F-11D3-BF4B-00C04F79EFBC}") = "RazorPageSample", "RazorPageSample\RazorPageSample.csproj", "{AB016EA4-578E-404B-9534-9D2E48B7DF78}"
EndProject
Project("{2150E333-8FDC-42A3-9474-1A3956D46DE8}") = "MVC", "MVC", "{438645C2-C734-47D0-A969-EF4093AAB1BB}"
EndProject
Project("{FAE04EC0-301F-11D3-BF4B-00C04F79EFBC}") = "MVCSample", "MVCSample\MVCSample.csproj", "{738308BA-782B-4F86-9C14-EDA874A84F1A}"
EndProject
Project("{FAE04EC0-301F-11D3-BF4B-00C04F79EFBC}") = "MyDataAccess", "MyDataAccess\MyDataAccess.csproj", "{8B1B58CA-191F-41EC-81C7-F656C8DE731A}"
EndProject
Project("{FAE04EC0-301F-11D3-BF4B-00C04F79EFBC}") = "MyDomain", "MyDomain\MyDomain.csproj", "{BD29F944-DBEC-4DD1-9E09-955E9AB8CB0C}"
EndProject
Project("{FAE04EC0-301F-11D3-BF4B-00C04F79EFBC}") = "MyService", "MyService\MyService.csproj", "{B9B458B3-61CE-4F14-A45E-69FB3573D3D8}"
EndProject
Project("{2150E333-8FDC-42A3-9474-1A3956D46DE8}") = "ASPNetCore_MVC", "ASPNetCore_MVC", "{6819C394-B959-4ACC-9BB1-72070A7CDC64}"
EndProject
Project("{FAE04EC0-301F-11D3-BF4B-00C04F79EFBC}") = "MyMVCApp", "MyMVCApp\MyMVCApp.csproj", "{36CAD540-6A6F-4A0A-8507-CD11E323F781}"
EndProject
Global
	GlobalSection(SolutionConfigurationPlatforms) = preSolution
		Debug|Any CPU = Debug|Any CPU
		Release|Any CPU = Release|Any CPU
	EndGlobalSection
	GlobalSection(ProjectConfigurationPlatforms) = postSolution
		{87979F1D-853B-472E-AB6A-4063C244B6DB}.Debug|Any CPU.ActiveCfg = Debug|Any CPU
		{87979F1D-853B-472E-AB6A-4063C244B6DB}.Debug|Any CPU.Build.0 = Debug|Any CPU
		{87979F1D-853B-472E-AB6A-4063C244B6DB}.Release|Any CPU.ActiveCfg = Release|Any CPU
		{87979F1D-853B-472E-AB6A-4063C244B6DB}.Release|Any CPU.Build.0 = Release|Any CPU
		{35F3046C-79BC-47C5-85F1-1426DE586577}.Debug|Any CPU.ActiveCfg = Debug|Any CPU
		{35F3046C-79BC-47C5-85F1-1426DE586577}.Debug|Any CPU.Build.0 = Debug|Any CPU
		{35F3046C-79BC-47C5-85F1-1426DE586577}.Release|Any CPU.ActiveCfg = Release|Any CPU
		{35F3046C-79BC-47C5-85F1-1426DE586577}.Release|Any CPU.Build.0 = Release|Any CPU
		{77FD9B40-DF9D-443C-A6E7-35B67801A6E1}.Debug|Any CPU.ActiveCfg = Debug|Any CPU
		{77FD9B40-DF9D-443C-A6E7-35B67801A6E1}.Debug|Any CPU.Build.0 = Debug|Any CPU
		{77FD9B40-DF9D-443C-A6E7-35B67801A6E1}.Release|Any CPU.ActiveCfg = Release|Any CPU
		{77FD9B40-DF9D-443C-A6E7-35B67801A6E1}.Release|Any CPU.Build.0 = Release|Any CPU
		{65B46FE9-29E2-4F34-B778-DC827079FF89}.Debug|Any CPU.ActiveCfg = Debug|Any CPU
		{65B46FE9-29E2-4F34-B778-DC827079FF89}.Debug|Any CPU.Build.0 = Debug|Any CPU
		{65B46FE9-29E2-4F34-B778-DC827079FF89}.Release|Any CPU.ActiveCfg = Release|Any CPU
		{65B46FE9-29E2-4F34-B778-DC827079FF89}.Release|Any CPU.Build.0 = Release|Any CPU
		{1B472422-E74F-4680-A474-DEE9CA528734}.Debug|Any CPU.ActiveCfg = Debug|Any CPU
		{1B472422-E74F-4680-A474-DEE9CA528734}.Debug|Any CPU.Build.0 = Debug|Any CPU
		{1B472422-E74F-4680-A474-DEE9CA528734}.Release|Any CPU.ActiveCfg = Release|Any CPU
		{1B472422-E74F-4680-A474-DEE9CA528734}.Release|Any CPU.Build.0 = Release|Any CPU
		{E50FBC19-F4AE-4C74-8507-55458575EA37}.Debug|Any CPU.ActiveCfg = Debug|Any CPU
		{E50FBC19-F4AE-4C74-8507-55458575EA37}.Debug|Any CPU.Build.0 = Debug|Any CPU
		{E50FBC19-F4AE-4C74-8507-55458575EA37}.Release|Any CPU.ActiveCfg = Release|Any CPU
		{E50FBC19-F4AE-4C74-8507-55458575EA37}.Release|Any CPU.Build.0 = Release|Any CPU
		{41A4388E-DEDC-433A-83BA-97A415823BA5}.Debug|Any CPU.ActiveCfg = Debug|Any CPU
		{41A4388E-DEDC-433A-83BA-97A415823BA5}.Debug|Any CPU.Build.0 = Debug|Any CPU
		{41A4388E-DEDC-433A-83BA-97A415823BA5}.Release|Any CPU.ActiveCfg = Release|Any CPU
		{41A4388E-DEDC-433A-83BA-97A415823BA5}.Release|Any CPU.Build.0 = Release|Any CPU
		{45889F82-133E-4043-A473-2E84C64C73DA}.Debug|Any CPU.ActiveCfg = Debug|Any CPU
		{45889F82-133E-4043-A473-2E84C64C73DA}.Debug|Any CPU.Build.0 = Debug|Any CPU
		{45889F82-133E-4043-A473-2E84C64C73DA}.Release|Any CPU.ActiveCfg = Release|Any CPU
		{45889F82-133E-4043-A473-2E84C64C73DA}.Release|Any CPU.Build.0 = Release|Any CPU
		{AECF1440-F241-46D5-98F5-9EF7EC222CFF}.Debug|Any CPU.ActiveCfg = Debug|Any CPU
		{AECF1440-F241-46D5-98F5-9EF7EC222CFF}.Debug|Any CPU.Build.0 = Debug|Any CPU
		{AECF1440-F241-46D5-98F5-9EF7EC222CFF}.Release|Any CPU.ActiveCfg = Release|Any CPU
		{AECF1440-F241-46D5-98F5-9EF7EC222CFF}.Release|Any CPU.Build.0 = Release|Any CPU
		{EFA449EF-7058-4FA0-B397-50AD96053599}.Debug|Any CPU.ActiveCfg = Debug|Any CPU
		{EFA449EF-7058-4FA0-B397-50AD96053599}.Debug|Any CPU.Build.0 = Debug|Any CPU
		{EFA449EF-7058-4FA0-B397-50AD96053599}.Release|Any CPU.ActiveCfg = Release|Any CPU
		{EFA449EF-7058-4FA0-B397-50AD96053599}.Release|Any CPU.Build.0 = Release|Any CPU
		{47FF5598-B0A3-4B0F-A73E-518DAF509C7C}.Debug|Any CPU.ActiveCfg = Debug|Any CPU
		{47FF5598-B0A3-4B0F-A73E-518DAF509C7C}.Debug|Any CPU.Build.0 = Debug|Any CPU
		{47FF5598-B0A3-4B0F-A73E-518DAF509C7C}.Release|Any CPU.ActiveCfg = Release|Any CPU
		{47FF5598-B0A3-4B0F-A73E-518DAF509C7C}.Release|Any CPU.Build.0 = Release|Any CPU
		{9FDBA4FC-AC7A-4A1E-B092-04127C7C17B5}.Debug|Any CPU.ActiveCfg = Debug|Any CPU
		{9FDBA4FC-AC7A-4A1E-B092-04127C7C17B5}.Debug|Any CPU.Build.0 = Debug|Any CPU
		{9FDBA4FC-AC7A-4A1E-B092-04127C7C17B5}.Release|Any CPU.ActiveCfg = Release|Any CPU
		{9FDBA4FC-AC7A-4A1E-B092-04127C7C17B5}.Release|Any CPU.Build.0 = Release|Any CPU
		{CD22ED0D-DFC7-4FDF-97BC-6BB00567911D}.Debug|Any CPU.ActiveCfg = Debug|Any CPU
		{CD22ED0D-DFC7-4FDF-97BC-6BB00567911D}.Debug|Any CPU.Build.0 = Debug|Any CPU
		{CD22ED0D-DFC7-4FDF-97BC-6BB00567911D}.Release|Any CPU.ActiveCfg = Release|Any CPU
		{CD22ED0D-DFC7-4FDF-97BC-6BB00567911D}.Release|Any CPU.Build.0 = Release|Any CPU
		{F68FD53E-B628-47C9-A8ED-A2D86941C954}.Debug|Any CPU.ActiveCfg = Debug|Any CPU
		{F68FD53E-B628-47C9-A8ED-A2D86941C954}.Debug|Any CPU.Build.0 = Debug|Any CPU
		{F68FD53E-B628-47C9-A8ED-A2D86941C954}.Release|Any CPU.ActiveCfg = Release|Any CPU
		{F68FD53E-B628-47C9-A8ED-A2D86941C954}.Release|Any CPU.Build.0 = Release|Any CPU
		{F5EB558F-FAF6-4797-AEF4-D5E4593259C2}.Debug|Any CPU.ActiveCfg = Debug|Any CPU
		{F5EB558F-FAF6-4797-AEF4-D5E4593259C2}.Debug|Any CPU.Build.0 = Debug|Any CPU
		{F5EB558F-FAF6-4797-AEF4-D5E4593259C2}.Release|Any CPU.ActiveCfg = Release|Any CPU
		{F5EB558F-FAF6-4797-AEF4-D5E4593259C2}.Release|Any CPU.Build.0 = Release|Any CPU
		{E93F8020-8752-4BB3-869A-6C06685775A3}.Debug|Any CPU.ActiveCfg = Debug|Any CPU
		{E93F8020-8752-4BB3-869A-6C06685775A3}.Debug|Any CPU.Build.0 = Debug|Any CPU
		{E93F8020-8752-4BB3-869A-6C06685775A3}.Release|Any CPU.ActiveCfg = Release|Any CPU
		{E93F8020-8752-4BB3-869A-6C06685775A3}.Release|Any CPU.Build.0 = Release|Any CPU
		{72D8FB4F-6F0E-4E03-BD63-D29BA40870A7}.Debug|Any CPU.ActiveCfg = Debug|Any CPU
		{72D8FB4F-6F0E-4E03-BD63-D29BA40870A7}.Debug|Any CPU.Build.0 = Debug|Any CPU
		{72D8FB4F-6F0E-4E03-BD63-D29BA40870A7}.Release|Any CPU.ActiveCfg = Release|Any CPU
		{72D8FB4F-6F0E-4E03-BD63-D29BA40870A7}.Release|Any CPU.Build.0 = Release|Any CPU
		{5D3CB73C-B140-46C0-8D74-F2963A26B424}.Debug|Any CPU.ActiveCfg = Debug|Any CPU
		{5D3CB73C-B140-46C0-8D74-F2963A26B424}.Debug|Any CPU.Build.0 = Debug|Any CPU
		{5D3CB73C-B140-46C0-8D74-F2963A26B424}.Release|Any CPU.ActiveCfg = Release|Any CPU
		{5D3CB73C-B140-46C0-8D74-F2963A26B424}.Release|Any CPU.Build.0 = Release|Any CPU
		{CBC2A51F-00C7-4AE2-BB59-9AD9F7F19635}.Debug|Any CPU.ActiveCfg = Debug|Any CPU
		{CBC2A51F-00C7-4AE2-BB59-9AD9F7F19635}.Debug|Any CPU.Build.0 = Debug|Any CPU
		{CBC2A51F-00C7-4AE2-BB59-9AD9F7F19635}.Release|Any CPU.ActiveCfg = Release|Any CPU
		{CBC2A51F-00C7-4AE2-BB59-9AD9F7F19635}.Release|Any CPU.Build.0 = Release|Any CPU
		{21132D47-136C-4F51-945D-F709672B6F06}.Debug|Any CPU.ActiveCfg = Debug|Any CPU
		{21132D47-136C-4F51-945D-F709672B6F06}.Debug|Any CPU.Build.0 = Debug|Any CPU
		{21132D47-136C-4F51-945D-F709672B6F06}.Release|Any CPU.ActiveCfg = Release|Any CPU
		{21132D47-136C-4F51-945D-F709672B6F06}.Release|Any CPU.Build.0 = Release|Any CPU
		{6538D351-B799-411F-AE67-2BD2D7B1E1A8}.Debug|Any CPU.ActiveCfg = Debug|Any CPU
		{6538D351-B799-411F-AE67-2BD2D7B1E1A8}.Debug|Any CPU.Build.0 = Debug|Any CPU
		{6538D351-B799-411F-AE67-2BD2D7B1E1A8}.Release|Any CPU.ActiveCfg = Release|Any CPU
		{6538D351-B799-411F-AE67-2BD2D7B1E1A8}.Release|Any CPU.Build.0 = Release|Any CPU
		{AB016EA4-578E-404B-9534-9D2E48B7DF78}.Debug|Any CPU.ActiveCfg = Debug|Any CPU
		{AB016EA4-578E-404B-9534-9D2E48B7DF78}.Debug|Any CPU.Build.0 = Debug|Any CPU
		{AB016EA4-578E-404B-9534-9D2E48B7DF78}.Release|Any CPU.ActiveCfg = Release|Any CPU
		{AB016EA4-578E-404B-9534-9D2E48B7DF78}.Release|Any CPU.Build.0 = Release|Any CPU
		{738308BA-782B-4F86-9C14-EDA874A84F1A}.Debug|Any CPU.ActiveCfg = Debug|Any CPU
		{738308BA-782B-4F86-9C14-EDA874A84F1A}.Debug|Any CPU.Build.0 = Debug|Any CPU
		{738308BA-782B-4F86-9C14-EDA874A84F1A}.Release|Any CPU.ActiveCfg = Release|Any CPU
		{738308BA-782B-4F86-9C14-EDA874A84F1A}.Release|Any CPU.Build.0 = Release|Any CPU
		{8B1B58CA-191F-41EC-81C7-F656C8DE731A}.Debug|Any CPU.ActiveCfg = Debug|Any CPU
		{8B1B58CA-191F-41EC-81C7-F656C8DE731A}.Debug|Any CPU.Build.0 = Debug|Any CPU
		{8B1B58CA-191F-41EC-81C7-F656C8DE731A}.Release|Any CPU.ActiveCfg = Release|Any CPU
		{8B1B58CA-191F-41EC-81C7-F656C8DE731A}.Release|Any CPU.Build.0 = Release|Any CPU
		{BD29F944-DBEC-4DD1-9E09-955E9AB8CB0C}.Debug|Any CPU.ActiveCfg = Debug|Any CPU
		{BD29F944-DBEC-4DD1-9E09-955E9AB8CB0C}.Debug|Any CPU.Build.0 = Debug|Any CPU
		{BD29F944-DBEC-4DD1-9E09-955E9AB8CB0C}.Release|Any CPU.ActiveCfg = Release|Any CPU
		{BD29F944-DBEC-4DD1-9E09-955E9AB8CB0C}.Release|Any CPU.Build.0 = Release|Any CPU
		{B9B458B3-61CE-4F14-A45E-69FB3573D3D8}.Debug|Any CPU.ActiveCfg = Debug|Any CPU
		{B9B458B3-61CE-4F14-A45E-69FB3573D3D8}.Debug|Any CPU.Build.0 = Debug|Any CPU
		{B9B458B3-61CE-4F14-A45E-69FB3573D3D8}.Release|Any CPU.ActiveCfg = Release|Any CPU
		{B9B458B3-61CE-4F14-A45E-69FB3573D3D8}.Release|Any CPU.Build.0 = Release|Any CPU
		{36CAD540-6A6F-4A0A-8507-CD11E323F781}.Debug|Any CPU.ActiveCfg = Debug|Any CPU
		{36CAD540-6A6F-4A0A-8507-CD11E323F781}.Debug|Any CPU.Build.0 = Debug|Any CPU
		{36CAD540-6A6F-4A0A-8507-CD11E323F781}.Release|Any CPU.ActiveCfg = Release|Any CPU
		{36CAD540-6A6F-4A0A-8507-CD11E323F781}.Release|Any CPU.Build.0 = Release|Any CPU
	EndGlobalSection
	GlobalSection(SolutionProperties) = preSolution
		HideSolutionNode = FALSE
	EndGlobalSection
	GlobalSection(NestedProjects) = preSolution
		{87979F1D-853B-472E-AB6A-4063C244B6DB} = {636D6CB8-724D-4C7B-BFF6-ACCD30A0A761}
		{35F3046C-79BC-47C5-85F1-1426DE586577} = {636D6CB8-724D-4C7B-BFF6-ACCD30A0A761}
		{77FD9B40-DF9D-443C-A6E7-35B67801A6E1} = {636D6CB8-724D-4C7B-BFF6-ACCD30A0A761}
		{65B46FE9-29E2-4F34-B778-DC827079FF89} = {636D6CB8-724D-4C7B-BFF6-ACCD30A0A761}
		{1B472422-E74F-4680-A474-DEE9CA528734} = {636D6CB8-724D-4C7B-BFF6-ACCD30A0A761}
		{DFCA136F-7CBE-4445-B274-AEC44DE2B57E} = {636D6CB8-724D-4C7B-BFF6-ACCD30A0A761}
		{E50FBC19-F4AE-4C74-8507-55458575EA37} = {DFCA136F-7CBE-4445-B274-AEC44DE2B57E}
		{41A4388E-DEDC-433A-83BA-97A415823BA5} = {DFCA136F-7CBE-4445-B274-AEC44DE2B57E}
		{45889F82-133E-4043-A473-2E84C64C73DA} = {DFCA136F-7CBE-4445-B274-AEC44DE2B57E}
		{AECF1440-F241-46D5-98F5-9EF7EC222CFF} = {DFCA136F-7CBE-4445-B274-AEC44DE2B57E}
		{EFA449EF-7058-4FA0-B397-50AD96053599} = {DFCA136F-7CBE-4445-B274-AEC44DE2B57E}
		{47FF5598-B0A3-4B0F-A73E-518DAF509C7C} = {DFCA136F-7CBE-4445-B274-AEC44DE2B57E}
		{9FDBA4FC-AC7A-4A1E-B092-04127C7C17B5} = {DFCA136F-7CBE-4445-B274-AEC44DE2B57E}
		{710FA772-6130-458E-BADC-8A376291A0A2} = {636D6CB8-724D-4C7B-BFF6-ACCD30A0A761}
		{CD22ED0D-DFC7-4FDF-97BC-6BB00567911D} = {710FA772-6130-458E-BADC-8A376291A0A2}
		{F68FD53E-B628-47C9-A8ED-A2D86941C954} = {710FA772-6130-458E-BADC-8A376291A0A2}
		{D5A28248-1FC0-406A-A065-809747728CFC} = {E657CD66-10B4-45A2-A281-AF9503274B7E}
		{F5EB558F-FAF6-4797-AEF4-D5E4593259C2} = {D5A28248-1FC0-406A-A065-809747728CFC}
		{E93F8020-8752-4BB3-869A-6C06685775A3} = {D5A28248-1FC0-406A-A065-809747728CFC}
		{72D8FB4F-6F0E-4E03-BD63-D29BA40870A7} = {D5A28248-1FC0-406A-A065-809747728CFC}
		{80D3A0A8-B85A-4423-A5B6-CB2F9211BC7F} = {E657CD66-10B4-45A2-A281-AF9503274B7E}
		{5D3CB73C-B140-46C0-8D74-F2963A26B424} = {80D3A0A8-B85A-4423-A5B6-CB2F9211BC7F}
		{CBC2A51F-00C7-4AE2-BB59-9AD9F7F19635} = {80D3A0A8-B85A-4423-A5B6-CB2F9211BC7F}
		{21132D47-136C-4F51-945D-F709672B6F06} = {80D3A0A8-B85A-4423-A5B6-CB2F9211BC7F}
		{6538D351-B799-411F-AE67-2BD2D7B1E1A8} = {A569E26B-E8AC-4AC4-8C0F-B644E595BD23}
		{AB016EA4-578E-404B-9534-9D2E48B7DF78} = {9FF1E702-DB32-438E-82B6-520C1313C5CB}
		{738308BA-782B-4F86-9C14-EDA874A84F1A} = {438645C2-C734-47D0-A969-EF4093AAB1BB}
		{8B1B58CA-191F-41EC-81C7-F656C8DE731A} = {76EE6A15-1808-400C-83CF-722310417508}
		{BD29F944-DBEC-4DD1-9E09-955E9AB8CB0C} = {B219C510-586B-4227-A751-4D353CB56452}
		{B9B458B3-61CE-4F14-A45E-69FB3573D3D8} = {07F3C162-504A-445D-BE94-A4BB486BD28A}
		{36CAD540-6A6F-4A0A-8507-CD11E323F781} = {6819C394-B959-4ACC-9BB1-72070A7CDC64}
	EndGlobalSection
	GlobalSection(ExtensibilityGlobals) = postSolution
		SolutionGuid = {D818E89E-52B2-48D6-8865-55741D865174}
	EndGlobalSection
EndGlobal
